
Microsoft Visual Studio Solution File, Format Version 12.00
# Visual Studio Version 16
VisualStudioVersion = 16.0.29201.188
MinimumVisualStudioVersion = 10.0.40219.1
Project("{FAE04EC0-301F-11D3-BF4B-00C04F79EFBC}") = "InterfaceDemo", "InterfaceDemo\InterfaceDemo.csproj", "{D7A49A8E-21B3-4937-A5CF-BC000690F02B}"
EndProject
Global
	GlobalSection(SolutionConfigurationPlatforms) = preSolution
		Debug|Any CPU = Debug|Any CPU
		Release|Any CPU = Release|Any CPU
	EndGlobalSection
	GlobalSection(ProjectConfigurationPlatforms) = postSolution
		{D7A49A8E-21B3-4937-A5CF-BC000690F02B}.Debug|Any CPU.ActiveCfg = Debug|Any CPU
		{D7A49A8E-21B3-4937-A5CF-BC000690F02B}.Debug|Any CPU.Build.0 = Debug|Any CPU
		{D7A49A8E-21B3-4937-A5CF-BC000690F02B}.Release|Any CPU.ActiveCfg = Release|Any CPU
		{D7A49A8E-21B3-4937-A5CF-BC000690F02B}.Release|Any CPU.Build.0 = Release|Any CPU
	EndGlobalSection
	GlobalSection(SolutionProperties) = preSolution
		HideSolutionNode = FALSE
	EndGlobalSection
	GlobalSection(ExtensibilityGlobals) = postSolution
		SolutionGuid = {7BD55C2E-9C01-44C1-805A-9D9A63E296A7}
	EndGlobalSection
EndGlobal
